
Microsoft Visual Studio Solution File, Format Version 12.00
# Visual Studio Version 17
VisualStudioVersion = 17.10.34916.146
MinimumVisualStudioVersion = 10.0.40219.1
Project("{9A19103F-16F7-4668-BE54-9A1E7A4F7556}") = "ArtPavillion", "ArtPavillion\ArtPavillion.csproj", "{31534A4F-E0AA-4AA3-89E6-D52302A58D60}"
EndProject
Project("{E53339B2-1760-4266-BCC7-CA923CBCF16C}") = "docker-compose", "docker-compose.dcproj", "{F9E9940A-13D6-4C7F-866A-67EA4B513D80}"
EndProject
Global
	GlobalSection(SolutionConfigurationPlatforms) = preSolution
		Debug|Any CPU = Debug|Any CPU
		Release|Any CPU = Release|Any CPU
	EndGlobalSection
	GlobalSection(ProjectConfigurationPlatforms) = postSolution
		{31534A4F-E0AA-4AA3-89E6-D52302A58D60}.Debug|Any CPU.ActiveCfg = Debug|Any CPU
		{31534A4F-E0AA-4AA3-89E6-D52302A58D60}.Debug|Any CPU.Build.0 = Debug|Any CPU
		{31534A4F-E0AA-4AA3-89E6-D52302A58D60}.Release|Any CPU.ActiveCfg = Release|Any CPU
		{31534A4F-E0AA-4AA3-89E6-D52302A58D60}.Release|Any CPU.Build.0 = Release|Any CPU
		{F9E9940A-13D6-4C7F-866A-67EA4B513D80}.Debug|Any CPU.ActiveCfg = Debug|Any CPU
		{F9E9940A-13D6-4C7F-866A-67EA4B513D80}.Debug|Any CPU.Build.0 = Debug|Any CPU
		{F9E9940A-13D6-4C7F-866A-67EA4B513D80}.Release|Any CPU.ActiveCfg = Release|Any CPU
		{F9E9940A-13D6-4C7F-866A-67EA4B513D80}.Release|Any CPU.Build.0 = Release|Any CPU
	EndGlobalSection
	GlobalSection(SolutionProperties) = preSolution
		HideSolutionNode = FALSE
	EndGlobalSection
	GlobalSection(ExtensibilityGlobals) = postSolution
		SolutionGuid = {E7654B8B-ECFC-443D-9765-AB5EB2B596C1}
	EndGlobalSection
EndGlobal
